// !$*UTF8*$!
{
	archiveVersion = 1;
	classes = {
	};
	objectVersion = 46;
	objects = {

/* Begin PBXBuildFile section */
		5B43AE4D15ED5D1D002427DF /* UIKit.framework in Frameworks */ = {isa = PBXBuildFile; fileRef = 5B43AE4C15ED5D1D002427DF /* UIKit.framework */; };
		5B43AE4F15ED5D1D002427DF /* Foundation.framework in Frameworks */ = {isa = PBXBuildFile; fileRef = 5B43AE4E15ED5D1D002427DF /* Foundation.framework */; };
		5B43AE5115ED5D1D002427DF /* CoreGraphics.framework in Frameworks */ = {isa = PBXBuildFile; fileRef = 5B43AE5015ED5D1D002427DF /* CoreGraphics.framework */; };
		5B43AE5715ED5D1D002427DF /* InfoPlist.strings in Resources */ = {isa = PBXBuildFile; fileRef = 5B43AE5515ED5D1D002427DF /* InfoPlist.strings */; };
		5B43AE5915ED5D1D002427DF /* main.m in Sources */ = {isa = PBXBuildFile; fileRef = 5B43AE5815ED5D1D002427DF /* main.m */; };
		5B43AE5D15ED5D1D002427DF /* CalculatorAppDelegate.m in Sources */ = {isa = PBXBuildFile; fileRef = 5B43AE5C15ED5D1D002427DF /* CalculatorAppDelegate.m */; };
		5B43AE6015ED5D1D002427DF /* MainStoryboard.storyboard in Resources */ = {isa = PBXBuildFile; fileRef = 5B43AE5E15ED5D1D002427DF /* MainStoryboard.storyboard */; };
		5B43AE6315ED5D1D002427DF /* CalculatorViewController.m in Sources */ = {isa = PBXBuildFile; fileRef = 5B43AE6215ED5D1D002427DF /* CalculatorViewController.m */; };
		5B43AE6B15EDF0B6002427DF /* CalculatorBrain.m in Sources */ = {isa = PBXBuildFile; fileRef = 5B43AE6A15EDF0B6002427DF /* CalculatorBrain.m */; };
/* End PBXBuildFile section */

/* Begin PBXFileReference section */
		5B43AE4815ED5D1D002427DF /* Calculator.app */ = {isa = PBXFileReference; explicitFileType = wrapper.application; includeInIndex = 0; path = Calculator.app; sourceTree = BUILT_PRODUCTS_DIR; };
		5B43AE4C15ED5D1D002427DF /* UIKit.framework */ = {isa = PBXFileReference; lastKnownFileType = wrapper.framework; name = UIKit.framework; path = System/Library/Frameworks/UIKit.framework; sourceTree = SDKROOT; };
		5B43AE4E15ED5D1D002427DF /* Foundation.framework */ = {isa = PBXFileReference; lastKnownFileType = wrapper.framework; name = Foundation.framework; path = System/Library/Frameworks/Foundation.framework; sourceTree = SDKROOT; };
		5B43AE5015ED5D1D002427DF /* CoreGraphics.framework */ = {isa = PBXFileReference; lastKnownFileType = wrapper.framework; name = CoreGraphics.framework; path = System/Library/Frameworks/CoreGraphics.framework; sourceTree = SDKROOT; };
		5B43AE5415ED5D1D002427DF /* Calculator-Info.plist */ = {isa = PBXFileReference; lastKnownFileType = text.plist.xml; path = "Calculator-Info.plist"; sourceTree = "<group>"; };
		5B43AE5615ED5D1D002427DF /* en */ = {isa = PBXFileReference; lastKnownFileType = text.plist.strings; name = en; path = en.lproj/InfoPlist.strings; sourceTree = "<group>"; };
		5B43AE5815ED5D1D002427DF /* main.m */ = {isa = PBXFileReference; lastKnownFileType = sourcecode.c.objc; path = main.m; sourceTree = "<group>"; };
		5B43AE5A15ED5D1D002427DF /* Calculator-Prefix.pch */ = {isa = PBXFileReference; lastKnownFileType = sourcecode.c.h; path = "Calculator-Prefix.pch"; sourceTree = "<group>"; };
		5B43AE5B15ED5D1D002427DF /* CalculatorAppDelegate.h */ = {isa = PBXFileReference; lastKnownFileType = sourcecode.c.h; path = CalculatorAppDelegate.h; sourceTree = "<group>"; };
		5B43AE5C15ED5D1D002427DF /* CalculatorAppDelegate.m */ = {isa = PBXFileReference; lastKnownFileType = sourcecode.c.objc; path = CalculatorAppDelegate.m; sourceTree = "<group>"; };
		5B43AE5F15ED5D1D002427DF /* en */ = {isa = PBXFileReference; lastKnownFileType = file.storyboard; name = en; path = en.lproj/MainStoryboard.storyboard; sourceTree = "<group>"; };
		5B43AE6115ED5D1D002427DF /* CalculatorViewController.h */ = {isa = PBXFileReference; lastKnownFileType = sourcecode.c.h; path = CalculatorViewController.h; sourceTree = "<group>"; };
		5B43AE6215ED5D1D002427DF /* CalculatorViewController.m */ = {isa = PBXFileReference; lastKnownFileType = sourcecode.c.objc; path = CalculatorViewController.m; sourceTree = "<group>"; };
		5B43AE6915EDF0B6002427DF /* CalculatorBrain.h */ = {isa = PBXFileReference; fileEncoding = 4; lastKnownFileType = sourcecode.c.h; path = CalculatorBrain.h; sourceTree = "<group>"; };
		5B43AE6A15EDF0B6002427DF /* CalculatorBrain.m */ = {isa = PBXFileReference; fileEncoding = 4; lastKnownFileType = sourcecode.c.objc; path = CalculatorBrain.m; sourceTree = "<group>"; };
/* End PBXFileReference section */

/* Begin PBXFrameworksBuildPhase section */
		5B43AE4515ED5D1D002427DF /* Frameworks */ = {
			isa = PBXFrameworksBuildPhase;
			buildActionMask = 2147483647;
			files = (
				5B43AE4D15ED5D1D002427DF /* UIKit.framework in Frameworks */,
				5B43AE4F15ED5D1D002427DF /* Foundation.framework in Frameworks */,
				5B43AE5115ED5D1D002427DF /* CoreGraphics.framework in Frameworks */,
			);
			runOnlyForDeploymentPostprocessing = 0;
		};
/* End PBXFrameworksBuildPhase section */

/* Begin PBXGroup section */
		5B43AE3D15ED5D1D002427DF = {
			isa = PBXGroup;
			children = (
				5B43AE5215ED5D1D002427DF /* Calculator */,
				5B43AE4B15ED5D1D002427DF /* Frameworks */,
				5B43AE4915ED5D1D002427DF /* Products */,
			);
			sourceTree = "<group>";
		};
		5B43AE4915ED5D1D002427DF /* Products */ = {
			isa = PBXGroup;
			children = (
				5B43AE4815ED5D1D002427DF /* Calculator.app */,
			);
			name = Products;
			sourceTree = "<group>";
		};
		5B43AE4B15ED5D1D002427DF /* Frameworks */ = {
			isa = PBXGroup;
			children = (
				5B43AE4C15ED5D1D002427DF /* UIKit.framework */,
				5B43AE4E15ED5D1D002427DF /* Foundation.framework */,
				5B43AE5015ED5D1D002427DF /* CoreGraphics.framework */,
			);
			name = Frameworks;
			sourceTree = "<group>";
		};
		5B43AE5215ED5D1D002427DF /* Calculator */ = {
			isa = PBXGroup;
			children = (
				5B43AE5B15ED5D1D002427DF /* CalculatorAppDelegate.h */,
				5B43AE5C15ED5D1D002427DF /* CalculatorAppDelegate.m */,
				5B43AE5E15ED5D1D002427DF /* MainStoryboard.storyboard */,
				5B43AE6915EDF0B6002427DF /* CalculatorBrain.h */,
				5B43AE6A15EDF0B6002427DF /* CalculatorBrain.m */,
				5B43AE6115ED5D1D002427DF /* CalculatorViewController.h */,
				5B43AE6215ED5D1D002427DF /* CalculatorViewController.m */,
				5B43AE5315ED5D1D002427DF /* Supporting Files */,
			);
			path = Calculator;
			sourceTree = "<group>";
		};
		5B43AE5315ED5D1D002427DF /* Supporting Files */ = {
			isa = PBXGroup;
			children = (
				5B43AE5415ED5D1D002427DF /* Calculator-Info.plist */,
				5B43AE5515ED5D1D002427DF /* InfoPlist.strings */,
				5B43AE5815ED5D1D002427DF /* main.m */,
				5B43AE5A15ED5D1D002427DF /* Calculator-Prefix.pch */,
			);
			name = "Supporting Files";
			sourceTree = "<group>";
		};
/* End PBXGroup section */

/* Begin PBXNativeTarget section */
		5B43AE4715ED5D1D002427DF /* Calculator */ = {
			isa = PBXNativeTarget;
			buildConfigurationList = 5B43AE6615ED5D1D002427DF /* Build configuration list for PBXNativeTarget "Calculator" */;
			buildPhases = (
				5B43AE4415ED5D1D002427DF /* Sources */,
				5B43AE4515ED5D1D002427DF /* Frameworks */,
				5B43AE4615ED5D1D002427DF /* Resources */,
			);
			buildRules = (
			);
			dependencies = (
			);
			name = Calculator;
			productName = Calculator;
			productReference = 5B43AE4815ED5D1D002427DF /* Calculator.app */;
			productType = "com.apple.product-type.application";
		};
/* End PBXNativeTarget section */

/* Begin PBXProject section */
		5B43AE3F15ED5D1D002427DF /* Project object */ = {
			isa = PBXProject;
			attributes = {
				CLASSPREFIX = Calculator;
				LastUpgradeCheck = 0440;
				ORGANIZATIONNAME = Roonin;
			};
			buildConfigurationList = 5B43AE4215ED5D1D002427DF /* Build configuration list for PBXProject "Calculator" */;
			compatibilityVersion = "Xcode 3.2";
			developmentRegion = English;
			hasScannedForEncodings = 0;
			knownRegions = (
				en,
			);
			mainGroup = 5B43AE3D15ED5D1D002427DF;
			productRefGroup = 5B43AE4915ED5D1D002427DF /* Products */;
			projectDirPath = "";
			projectRoot = "";
			targets = (
				5B43AE4715ED5D1D002427DF /* Calculator */,
			);
		};
/* End PBXProject section */

/* Begin PBXResourcesBuildPhase section */
		5B43AE4615ED5D1D002427DF /* Resources */ = {
			isa = PBXResourcesBuildPhase;
			buildActionMask = 2147483647;
			files = (
				5B43AE5715ED5D1D002427DF /* InfoPlist.strings in Resources */,
				5B43AE6015ED5D1D002427DF /* MainStoryboard.storyboard in Resources */,
			);
			runOnlyForDeploymentPostprocessing = 0;
		};
/* End PBXResourcesBuildPhase section */

/* Begin PBXSourcesBuildPhase section */
		5B43AE4415ED5D1D002427DF /* Sources */ = {
			isa = PBXSourcesBuildPhase;
			buildActionMask = 2147483647;
			files = (
				5B43AE5915ED5D1D002427DF /* main.m in Sources */,
				5B43AE5D15ED5D1D002427DF /* CalculatorAppDelegate.m in Sources */,
				5B43AE6315ED5D1D002427DF /* CalculatorViewController.m in Sources */,
				5B43AE6B15EDF0B6002427DF /* CalculatorBrain.m in Sources */,
			);
			runOnlyForDeploymentPostprocessing = 0;
		};
/* End PBXSourcesBuildPhase section */

/* Begin PBXVariantGroup section */
		5B43AE5515ED5D1D002427DF /* InfoPlist.strings */ = {
			isa = PBXVariantGroup;
			children = (
				5B43AE5615ED5D1D002427DF /* en */,
			);
			name = InfoPlist.strings;
			sourceTree = "<group>";
		};
		5B43AE5E15ED5D1D002427DF /* MainStoryboard.storyboard */ = {
			isa = PBXVariantGroup;
			children = (
				5B43AE5F15ED5D1D002427DF /* en */,
			);
			name = MainStoryboard.storyboard;
			sourceTree = "<group>";
		};
/* End PBXVariantGroup section */

/* Begin XCBuildConfiguration section */
		5B43AE6415ED5D1D002427DF /* Debug */ = {
			isa = XCBuildConfiguration;
			buildSettings = {
				ALWAYS_SEARCH_USER_PATHS = NO;
				ARCHS = "$(ARCHS_STANDARD_32_BIT)";
				CLANG_CXX_LANGUAGE_STANDARD = "gnu++0x";
				CLANG_ENABLE_OBJC_ARC = YES;
				CLANG_WARN__DUPLICATE_METHOD_MATCH = YES;
				"CODE_SIGN_IDENTITY[sdk=iphoneos*]" = "iPhone Developer";
				COPY_PHASE_STRIP = NO;
				GCC_C_LANGUAGE_STANDARD = gnu99;
				GCC_DYNAMIC_NO_PIC = NO;
				GCC_OPTIMIZATION_LEVEL = 0;
				GCC_PREPROCESSOR_DEFINITIONS = (
					"DEBUG=1",
					"$(inherited)",
				);
				GCC_SYMBOLS_PRIVATE_EXTERN = NO;
				GCC_VERSION = com.apple.compilers.llvm.clang.1_0;
				GCC_WARN_ABOUT_RETURN_TYPE = YES;
				GCC_WARN_UNINITIALIZED_AUTOS = YES;
				GCC_WARN_UNUSED_VARIABLE = YES;
				IPHONEOS_DEPLOYMENT_TARGET = 5.1;
				SDKROOT = iphoneos;
			};
			name = Debug;
		};
		5B43AE6515ED5D1D002427DF /* Release */ = {
			isa = XCBuildConfiguration;
			buildSettings = {
				ALWAYS_SEARCH_USER_PATHS = NO;
				ARCHS = "$(ARCHS_STANDARD_32_BIT)";
				CLANG_CXX_LANGUAGE_STANDARD = "gnu++0x";
				CLANG_ENABLE_OBJC_ARC = YES;
				CLANG_WARN__DUPLICATE_METHOD_MATCH = YES;
				"CODE_SIGN_IDENTITY[sdk=iphoneos*]" = "iPhone Developer";
				COPY_PHASE_STRIP = YES;
				GCC_C_LANGUAGE_STANDARD = gnu99;
				GCC_VERSION = com.apple.compilers.llvm.clang.1_0;
				GCC_WARN_ABOUT_RETURN_TYPE = YES;
				GCC_WARN_UNINITIALIZED_AUTOS = YES;
				GCC_WARN_UNUSED_VARIABLE = YES;
				IPHONEOS_DEPLOYMENT_TARGET = 5.1;
				OTHER_CFLAGS = "-DNS_BLOCK_ASSERTIONS=1";
				SDKROOT = iphoneos;
				VALIDATE_PRODUCT = YES;
			};
			name = Release;
		};
		5B43AE6715ED5D1D002427DF /* Debug */ = {
			isa = XCBuildConfiguration;
			buildSettings = {
				GCC_PRECOMPILE_PREFIX_HEADER = YES;
				GCC_PREFIX_HEADER = "Calculator/Calculator-Prefix.pch";
				INFOPLIST_FILE = "Calculator/Calculator-Info.plist";
				PRODUCT_NAME = "$(TARGET_NAME)";
				WRAPPER_EXTENSION = app;
			};
			name = Debug;
		};
		5B43AE6815ED5D1D002427DF /* Release */ = {
			isa = XCBuildConfiguration;
			buildSettings = {
				GCC_PRECOMPILE_PREFIX_HEADER = YES;
				GCC_PREFIX_HEADER = "Calculator/Calculator-Prefix.pch";
				INFOPLIST_FILE = "Calculator/Calculator-Info.plist";
				PRODUCT_NAME = "$(TARGET_NAME)";
				WRAPPER_EXTENSION = app;
			};
			name = Release;
		};
/* End XCBuildConfiguration section */

/* Begin XCConfigurationList section */
		5B43AE4215ED5D1D002427DF /* Build configuration list for PBXProject "Calculator" */ = {
			isa = XCConfigurationList;
			buildConfigurations = (
				5B43AE6415ED5D1D002427DF /* Debug */,
				5B43AE6515ED5D1D002427DF /* Release */,
			);
			defaultConfigurationIsVisible = 0;
			defaultConfigurationName = Release;
		};
		5B43AE6615ED5D1D002427DF /* Build configuration list for PBXNativeTarget "Calculator" */ = {
			isa = XCConfigurationList;
			buildConfigurations = (
				5B43AE6715ED5D1D002427DF /* Debug */,
				5B43AE6815ED5D1D002427DF /* Release */,
			);
			defaultConfigurationIsVisible = 0;
		};
/* End XCConfigurationList section */
	};
	rootObject = 5B43AE3F15ED5D1D002427DF /* Project object */;
}
